---
ID: "9941d952-048f-41b7-a602-2ce3e6cf849d"
Parent: "6f15d497-e00f-422d-acda-31cfce06ca43"
Template: "e269fbb5-3750-427a-9149-7aa950b49301"
Path: /sitecore/templates/TheAA/Settings/SalesJourney/Blocks/MyAABlock/My AA Block
Languages:
- Language: en
  Versions:
  - Version: 1
    Fields:
    - ID: "25bed78c-4957-4165-998a-ca1b52f67497"
      Hint: __Created
      Value: 20161206T135712Z
    - ID: "5dd74568-4d4b-44c1-b513-0af5f4cda34f"
      Hint: __Created by
      Value: |
        sitecore\admin
    - ID: "8cdc337e-a112-42fb-bbb4-4143751e123f"
      Hint: __Revision
      Value: "670ac96c-22d6-45ab-9668-083d7df93d98"
    - ID: "badd9cf9-53e0-4d0c-bcc0-2d784c282f6a"
      Hint: __Updated by
      Value: |
        sitecore\admin
    - ID: "d9cf14b1-fa16-4ba6-9288-e8a174d4d522"
      Hint: __Updated
      Value: 20161206T140335Z
