---
ID: "4e61b356-697c-4547-9562-fa06577104b2"
Parent: "6976e653-002e-4fef-b911-eecf9718ed73"
Template: "ab86861a-6030-46c5-b394-e8f99e8b87db"
Path: /sitecore/templates/TheAA/Settings/SalesJourney/Blocks/DetailedPricingBlock
SharedFields:
- ID: "06d5295c-ed2f-4a54-9bf2-26228d113318"
  Hint: __Icon
  Value: Apps/32x32/Sales.png
- ID: "12c33f3f-86c5-43a5-aeb4-5598cec45116"
  Hint: __Base template
  Value: "{53501D92-8BAF-47D2-B816-ECAF693B2DEB}"
- ID: "f7d48a55-2158-4f02-9356-756654404f73"
  Hint: __Standard values
  Value: "{972FC2AF-9A13-470E-BD53-4B3DC7415DE4}"
Languages:
- Language: en
  Versions:
  - Version: 1
    Fields:
    - ID: "25bed78c-4957-4165-998a-ca1b52f67497"
      Hint: __Created
      Value: 20161027T111503Z
    - ID: "5dd74568-4d4b-44c1-b513-0af5f4cda34f"
      Hint: __Created by
      Value: |
        sitecore\admin
    - ID: "8cdc337e-a112-42fb-bbb4-4143751e123f"
      Hint: __Revision
      Value: "a1289078-dc5d-46da-899b-c73f7669a762"
    - ID: "badd9cf9-53e0-4d0c-bcc0-2d784c282f6a"
      Hint: __Updated by
      Value: |
        sitecore\admin
    - ID: "d9cf14b1-fa16-4ba6-9288-e8a174d4d522"
      Hint: __Updated
      Value: 20161028T112135Z
