---
ID: "bb398c6d-00b7-43be-9ea5-d9664ec701aa"
Parent: "6976e653-002e-4fef-b911-eecf9718ed73"
Template: "ab86861a-6030-46c5-b394-e8f99e8b87db"
Path: /sitecore/templates/TheAA/Settings/SalesJourney/Blocks/ExpandableCoverageOptionsBlock
SharedFields:
- ID: "06d5295c-ed2f-4a54-9bf2-26228d113318"
  Hint: __Icon
  Value: Apps/32x32/Investigation.png
- ID: "12c33f3f-86c5-43a5-aeb4-5598cec45116"
  Hint: __Base template
  Value: "{3B835D24-18E5-49F3-AC25-FA3DCC4BC717}"
- ID: "f7d48a55-2158-4f02-9356-756654404f73"
  Hint: __Standard values
  Value: "{B8281159-FD9E-4E26-B7D0-5239B997BD8B}"
Languages:
- Language: en
  Versions:
  - Version: 1
    Fields:
    - ID: "25bed78c-4957-4165-998a-ca1b52f67497"
      Hint: __Created
      Value: 20170302T161246Z
    - ID: "8cdc337e-a112-42fb-bbb4-4143751e123f"
      Hint: __Revision
      Value: "59d697c0-d3be-414f-9dcd-f2612bacac1b"
    - ID: "badd9cf9-53e0-4d0c-bcc0-2d784c282f6a"
      Hint: __Updated by
      Value: |
        sitecore\Admin
    - ID: "d9cf14b1-fa16-4ba6-9288-e8a174d4d522"
      Hint: __Updated
      Value: 20170302T161540Z
